PODS:
  - CocoaAsyncSocket (7.4.2)
  - CocoaHTTPServer (2.3):
    - CocoaAsyncSocket
    - CocoaLumberjack
  - CocoaLumberjack (2.0.3):
    - CocoaLumberjack/Default (= 2.0.3)
    - CocoaLumberjack/Extensions (= 2.0.3)
  - CocoaLumberjack/Core (2.0.3)
  - CocoaLumberjack/Default (2.0.3):
    - CocoaLumberjack/Core
  - CocoaLumberjack/Extensions (2.0.3):
    - CocoaLumberjack/Default
  - fishhook (0.1)
  - KissXML (5.0)
  - OCMock (3.2)
  - RoutingHTTPServer (1.0.0):
    - CocoaHTTPServer (~> 2.3)

DEPENDENCIES:
  - fishhook (from `https://github.com/facebook/fishhook.git`, commit `8dbd09b`)
  - KissXML
  - OCMock
  - RoutingHTTPServer

EXTERNAL SOURCES:
  fishhook:
    :commit: 8dbd09b
    :git: https://github.com/facebook/fishhook.git

CHECKOUT OPTIONS:
  fishhook:
    :commit: 8dbd09b
    :git: https://github.com/facebook/fishhook.git

SPEC CHECKSUMS:
  CocoaAsyncSocket: f5783bdedd232d91b89769bc4b5a1580aed518ad
  CocoaHTTPServer: 5624681fc3473d43b18202f635f9b3abb013b530
  CocoaLumberjack: f58d8a19629f4d8379ae14bb3534def24161430e
  fishhook: 6d204de227d0fa80dca600bb3bc15c0d257756b0
  KissXML: ce643413d618ad69886d0d43c3792b7dedfe476e
  OCMock: 28def049ef47f996b515a8eeea958be7ccab2dbb
  RoutingHTTPServer: fab8b13e725f26720500c146d43c98c11ebc4d47

COCOAPODS: 0.39.0
