PODS:
  - CocoaAsyncSocket (7.4.2)
  - CocoaHTTPServer (2.3):
    - CocoaAsyncSocket
    - CocoaLumberjack
  - CocoaLumberjack (2.0.1):
    - CocoaLumberjack/Default (= 2.0.1)
    - CocoaLumberjack/Extensions (= 2.0.1)
  - CocoaLumberjack/Core (2.0.1)
  - CocoaLumberjack/Default (2.0.1):
    - CocoaLumberjack/Core
  - CocoaLumberjack/Extensions (2.0.1):
    - CocoaLumberjack/Default
  - KissXML (5.0)
  - OCMock (3.1.5)
  - RoutingHTTPServer (1.0.0):
    - CocoaHTTPServer (~> 2.3)

DEPENDENCIES:
  - KissXML
  - OCMock
  - RoutingHTTPServer

SPEC CHECKSUMS:
  CocoaAsyncSocket: f5783bdedd232d91b89769bc4b5a1580aed518ad
  CocoaHTTPServer: 5624681fc3473d43b18202f635f9b3abb013b530
  CocoaLumberjack: 019d1361244274a6138c788c6cb80baabc13fb8f
  KissXML: ce643413d618ad69886d0d43c3792b7dedfe476e
  OCMock: 4c2925291f80407c3738dd1db14d21d0cc278864
  RoutingHTTPServer: fab8b13e725f26720500c146d43c98c11ebc4d47

COCOAPODS: 0.39.0
