PODS:
  - CocoaAsyncSocket (7.4.2)
  - CocoaHTTPServer (2.3):
    - CocoaAsyncSocket
    - CocoaLumberjack
  - CocoaLumberjack (2.2.0):
    - CocoaLumberjack/Default (= 2.2.0)
    - CocoaLumberjack/Extensions (= 2.2.0)
  - CocoaLumberjack/Core (2.2.0)
  - CocoaLumberjack/Default (2.2.0):
    - CocoaLumberjack/Core
  - CocoaLumberjack/Extensions (2.2.0):
    - CocoaLumberjack/Default
  - KissXML (5.0)
  - OCMock (3.2)
  - RoutingHTTPServer (1.0.0):
    - CocoaHTTPServer (~> 2.3)

DEPENDENCIES:
  - CocoaAsyncSocket (from `CocoaAsyncSocket.podspec`)
  - CocoaHTTPServer (from `CocoaHTTPServer.podspec.json`)
  - KissXML
  - OCMock
  - RoutingHTTPServer (from `RoutingHTTPServer.podspec`)

EXTERNAL SOURCES:
  CocoaAsyncSocket:
    :podspec: CocoaAsyncSocket.podspec
  CocoaHTTPServer:
    :podspec: CocoaHTTPServer.podspec.json
  RoutingHTTPServer:
    :podspec: RoutingHTTPServer.podspec

SPEC CHECKSUMS:
  CocoaAsyncSocket: d367ba90d2f7eebeca605d3212228688aea07090
  CocoaHTTPServer: 62e8fec4c56d849bbf7021cc6e928bcac8debcf6
  CocoaLumberjack: 17fe8581f84914d5d7e6360f7c70022b173c3ae0
  KissXML: ce643413d618ad69886d0d43c3792b7dedfe476e
  OCMock: 28def049ef47f996b515a8eeea958be7ccab2dbb
  RoutingHTTPServer: 79012ddee0dedd22e22d25a0c7442985900fea53

COCOAPODS: 0.39.0
